
Microsoft Visual Studio Solution File, Format Version 12.00
# Visual Studio Version 17
VisualStudioVersion = 17.14.36203.30
MinimumVisualStudioVersion = 10.0.40219.1
Project("{FAE04EC0-301F-11D3-BF4B-00C04F79EFBC}") = "Client", "Client\Client.csproj", "{BBDF986B-BB3A-42D0-8012-7D1B90FBDAF7}"
EndProject
Project("{FAE04EC0-301F-11D3-BF4B-00C04F79EFBC}") = "Models", "Models\Models.csproj", "{B9CF08B4-DBF7-4804-92C7-C881701F66F2}"
EndProject
Project("{FAE04EC0-301F-11D3-BF4B-00C04F79EFBC}") = "Services", "Services\Services.csproj", "{D17BB51B-CC57-4EA7-B978-A0B30EFC5FC4}"
EndProject
Project("{FAE04EC0-301F-11D3-BF4B-00C04F79EFBC}") = "Components", "Components\Components.csproj", "{889E8F5E-AA2E-4266-B682-D08FE72D9098}"
EndProject
Project("{2150E333-8FDC-42A3-9474-1A3956D46DE8}") = "Solution Items", "Solution Items", "{8EC462FD-D22E-90A8-E5CE-7E832BA40C5D}"
	ProjectSection(SolutionItems) = preProject
		Readme.txt = Readme.txt
	EndProjectSection
EndProject
Global
	GlobalSection(SolutionConfigurationPlatforms) = preSolution
		Debug|Any CPU = Debug|Any CPU
		Release|Any CPU = Release|Any CPU
	EndGlobalSection
	GlobalSection(ProjectConfigurationPlatforms) = postSolution
		{BBDF986B-BB3A-42D0-8012-7D1B90FBDAF7}.Debug|Any CPU.ActiveCfg = Debug|Any CPU
		{BBDF986B-BB3A-42D0-8012-7D1B90FBDAF7}.Debug|Any CPU.Build.0 = Debug|Any CPU
		{BBDF986B-BB3A-42D0-8012-7D1B90FBDAF7}.Release|Any CPU.ActiveCfg = Release|Any CPU
		{BBDF986B-BB3A-42D0-8012-7D1B90FBDAF7}.Release|Any CPU.Build.0 = Release|Any CPU
		{B9CF08B4-DBF7-4804-92C7-C881701F66F2}.Debug|Any CPU.ActiveCfg = Debug|Any CPU
		{B9CF08B4-DBF7-4804-92C7-C881701F66F2}.Debug|Any CPU.Build.0 = Debug|Any CPU
		{B9CF08B4-DBF7-4804-92C7-C881701F66F2}.Release|Any CPU.ActiveCfg = Release|Any CPU
		{B9CF08B4-DBF7-4804-92C7-C881701F66F2}.Release|Any CPU.Build.0 = Release|Any CPU
		{D17BB51B-CC57-4EA7-B978-A0B30EFC5FC4}.Debug|Any CPU.ActiveCfg = Debug|Any CPU
		{D17BB51B-CC57-4EA7-B978-A0B30EFC5FC4}.Debug|Any CPU.Build.0 = Debug|Any CPU
		{D17BB51B-CC57-4EA7-B978-A0B30EFC5FC4}.Release|Any CPU.ActiveCfg = Release|Any CPU
		{D17BB51B-CC57-4EA7-B978-A0B30EFC5FC4}.Release|Any CPU.Build.0 = Release|Any CPU
		{889E8F5E-AA2E-4266-B682-D08FE72D9098}.Debug|Any CPU.ActiveCfg = Debug|Any CPU
		{889E8F5E-AA2E-4266-B682-D08FE72D9098}.Debug|Any CPU.Build.0 = Debug|Any CPU
		{889E8F5E-AA2E-4266-B682-D08FE72D9098}.Release|Any CPU.ActiveCfg = Release|Any CPU
		{889E8F5E-AA2E-4266-B682-D08FE72D9098}.Release|Any CPU.Build.0 = Release|Any CPU
	EndGlobalSection
	GlobalSection(SolutionProperties) = preSolution
		HideSolutionNode = FALSE
	EndGlobalSection
	GlobalSection(ExtensibilityGlobals) = postSolution
		SolutionGuid = {B2E183CC-37E6-4994-8AF3-8D2D2ABC8CE8}
	EndGlobalSection
EndGlobal
